Microsoft Visual Studio Solution File, Format Version 12.00
# Visual Studio Version 17
VisualStudioVersion = 17.5.2.0
MinimumVisualStudioVersion = 10.0.40219.1
Project("{FAE04EC0-301F-11D3-BF4B-00C04F79EFBC}") = "1 - Fundamentals", "1 - Fundamentals\1 - Fundamentals.csproj", "{FB13B6B9-E5E8-4F37-F826-DEBBD797804F}"
EndProject
Global
	GlobalSection(SolutionConfigurationPlatforms) = preSolution
		Debug|Any CPU = Debug|Any CPU
		Release|Any CPU = Release|Any CPU
	EndGlobalSection
	GlobalSection(ProjectConfigurationPlatforms) = postSolution
		{FB13B6B9-E5E8-4F37-F826-DEBBD797804F}.Debug|Any CPU.ActiveCfg = Debug|Any CPU
		{FB13B6B9-E5E8-4F37-F826-DEBBD797804F}.Debug|Any CPU.Build.0 = Debug|Any CPU
		{FB13B6B9-E5E8-4F37-F826-DEBBD797804F}.Release|Any CPU.ActiveCfg = Release|Any CPU
		{FB13B6B9-E5E8-4F37-F826-DEBBD797804F}.Release|Any CPU.Build.0 = Release|Any CPU
	EndGlobalSection
	GlobalSection(SolutionProperties) = preSolution
		HideSolutionNode = FALSE
	EndGlobalSection
	GlobalSection(ExtensibilityGlobals) = postSolution
		SolutionGuid = {3423DA05-3E7C-4F5F-A095-1F19CAB6C55F}
	EndGlobalSection
EndGlobal
